// !$*UTF8*$!
{
	archiveVersion = 1;
	classes = {
	};
	objectVersion = 50;
	objects = {

/* Begin PBXBuildFile section */
		32D2EE95B953B7BCDA61D6B3 /* Pods_EnglishStudies.framework in Frameworks */ = {isa = PBXBuildFile; fileRef = 9431D208B817CC0966F7CCDB /* Pods_EnglishStudies.framework */; };
		3D011C222299A4D7002B74A6 /* GoogleService-Info.plist in Resources */ = {isa = PBXBuildFile; fileRef = 3D011C212299A4D6002B74A6 /* GoogleService-Info.plist */; };
		3D09BEBF228D02DD0053E2CC /* AppDelegate.swift in Sources */ = {isa = PBXBuildFile; fileRef = 3D09BEBE228D02DD0053E2CC /* AppDelegate.swift */; };
		3D09BEC4228D02DD0053E2CC /* Main.storyboard in Resources */ = {isa = PBXBuildFile; fileRef = 3D09BEC2228D02DD0053E2CC /* Main.storyboard */; };
		3D09BEC7228D02DD0053E2CC /* EnglishStudies.xcdatamodeld in Sources */ = {isa = PBXBuildFile; fileRef = 3D09BEC5228D02DD0053E2CC /* EnglishStudies.xcdatamodeld */; };
		3D09BEC9228D02DF0053E2CC /* Assets.xcassets in Resources */ = {isa = PBXBuildFile; fileRef = 3D09BEC8228D02DF0053E2CC /* Assets.xcassets */; };
		3D09BECC228D02DF0053E2CC /* LaunchScreen.storyboard in Resources */ = {isa = PBXBuildFile; fileRef = 3D09BECA228D02DF0053E2CC /* LaunchScreen.storyboard */; };
		3D09BED4228D03090053E2CC /* HomePageViewController.swift in Sources */ = {isa = PBXBuildFile; fileRef = 3D09BED3228D03090053E2CC /* HomePageViewController.swift */; };
		3D10F94422A8262A008B36C9 /* HeaderView.swift in Sources */ = {isa = PBXBuildFile; fileRef = 3D10F94322A8262A008B36C9 /* HeaderView.swift */; };
		3D40545F22A190AE00F50679 /* MenuLauncher.swift in Sources */ = {isa = PBXBuildFile; fileRef = 3D40545E22A190AE00F50679 /* MenuLauncher.swift */; };
		3D40546122A1B1B400F50679 /* HomeCell.swift in Sources */ = {isa = PBXBuildFile; fileRef = 3D40546022A1B1B400F50679 /* HomeCell.swift */; };
		3D40546322A1B43900F50679 /* SettingCell.swift in Sources */ = {isa = PBXBuildFile; fileRef = 3D40546222A1B43900F50679 /* SettingCell.swift */; };
		3D40548822A6FBC100F50679 /* ProfessorCell.swift in Sources */ = {isa = PBXBuildFile; fileRef = 3D40548722A6FBC100F50679 /* ProfessorCell.swift */; };
		3D4B9CDF22A981C90073274C /* DigitalGalleryViewController.swift in Sources */ = {isa = PBXBuildFile; fileRef = 3D4B9CDE22A981C90073274C /* DigitalGalleryViewController.swift */; };
		3D4B9CE122A981D60073274C /* SettingsViewController.swift in Sources */ = {isa = PBXBuildFile; fileRef = 3D4B9CE022A981D60073274C /* SettingsViewController.swift */; };
		3D4B9CE322A981E00073274C /* AboutViewController.swift in Sources */ = {isa = PBXBuildFile; fileRef = 3D4B9CE222A981E00073274C /* AboutViewController.swift */; };
		3D4B9CE522A989EB0073274C /* TableCell.swift in Sources */ = {isa = PBXBuildFile; fileRef = 3D4B9CE422A989EB0073274C /* TableCell.swift */; };
		3D4B9CE722A98DA00073274C /* DigitalCell.swift in Sources */ = {isa = PBXBuildFile; fileRef = 3D4B9CE622A98DA00073274C /* DigitalCell.swift */; };
		3D4B9CE922A991EF0073274C /* ImageZoomViewController.swift in Sources */ = {isa = PBXBuildFile; fileRef = 3D4B9CE822A991EF0073274C /* ImageZoomViewController.swift */; };
		3D6E792222971469001D75A9 /* WebKit.framework in Frameworks */ = {isa = PBXBuildFile; fileRef = 3D6E792122971469001D75A9 /* WebKit.framework */; };
		3D9261D5228F704C003F37B4 /* ProfessorsViewController.swift in Sources */ = {isa = PBXBuildFile; fileRef = 3D9261D4228F704C003F37B4 /* ProfessorsViewController.swift */; };
		3DAAFEEF2290AC2E002B02E6 /* WebViewController.swift in Sources */ = {isa = PBXBuildFile; fileRef = 3DAAFEEE2290AC2E002B02E6 /* WebViewController.swift */; };
		3DF8311C228F877A00B5A31E /* ProfessorDetailViewController.swift in Sources */ = {isa = PBXBuildFile; fileRef = 3DF8311B228F877A00B5A31E /* ProfessorDetailViewController.swift */; };
/* End PBXBuildFile section */

/* Begin PBXFileReference section */
		1ED65F3769A482683A7B42FE /* Pods-EnglishStudies.release.xcconfig */ = {isa = PBXFileReference; includeInIndex = 1; lastKnownFileType = text.xcconfig; name = "Pods-EnglishStudies.release.xcconfig"; path = "Pods/Target Support Files/Pods-EnglishStudies/Pods-EnglishStudies.release.xcconfig"; sourceTree = "<group>"; };
		3D011C212299A4D6002B74A6 /* GoogleService-Info.plist */ = {isa = PBXFileReference; fileEncoding = 4; lastKnownFileType = text.plist.xml; name = "GoogleService-Info.plist"; path = "../../../../Downloads/GoogleService-Info.plist"; sourceTree = "<group>"; };
		3D09BEBB228D02DD0053E2CC /* EnglishStudies.app */ = {isa = PBXFileReference; explicitFileType = wrapper.application; includeInIndex = 0; path = EnglishStudies.app; sourceTree = BUILT_PRODUCTS_DIR; };
		3D09BEBE228D02DD0053E2CC /* AppDelegate.swift */ = {isa = PBXFileReference; lastKnownFileType = sourcecode.swift; path = AppDelegate.swift; sourceTree = "<group>"; };
		3D09BEC3228D02DD0053E2CC /* Base */ = {isa = PBXFileReference; lastKnownFileType = file.storyboard; name = Base; path = Base.lproj/Main.storyboard; sourceTree = "<group>"; };
		3D09BEC6228D02DD0053E2CC /* EnglishStudies.xcdatamodel */ = {isa = PBXFileReference; lastKnownFileType = wrapper.xcdatamodel; path = EnglishStudies.xcdatamodel; sourceTree = "<group>"; };
		3D09BEC8228D02DF0053E2CC /* Assets.xcassets */ = {isa = PBXFileReference; lastKnownFileType = folder.assetcatalog; path = Assets.xcassets; sourceTree = "<group>"; };
		3D09BECB228D02DF0053E2CC /* Base */ = {isa = PBXFileReference; lastKnownFileType = file.storyboard; name = Base; path = Base.lproj/LaunchScreen.storyboard; sourceTree = "<group>"; };
		3D09BECD228D02DF0053E2CC /* Info.plist */ = {isa = PBXFileReference; lastKnownFileType = text.plist.xml; path = Info.plist; sourceTree = "<group>"; };
		3D09BED3228D03090053E2CC /* HomePageViewController.swift */ = {isa = PBXFileReference; lastKnownFileType = sourcecode.swift; path = HomePageViewController.swift; sourceTree = "<group>"; };
		3D10F94322A8262A008B36C9 /* HeaderView.swift */ = {isa = PBXFileReference; lastKnownFileType = sourcecode.swift; path = HeaderView.swift; sourceTree = "<group>"; };
		3D40545E22A190AE00F50679 /* MenuLauncher.swift */ = {isa = PBXFileReference; lastKnownFileType = sourcecode.swift; path = MenuLauncher.swift; sourceTree = "<group>"; };
		3D40546022A1B1B400F50679 /* HomeCell.swift */ = {isa = PBXFileReference; lastKnownFileType = sourcecode.swift; path = HomeCell.swift; sourceTree = "<group>"; };
		3D40546222A1B43900F50679 /* SettingCell.swift */ = {isa = PBXFileReference; lastKnownFileType = sourcecode.swift; path = SettingCell.swift; sourceTree = "<group>"; };
		3D40548722A6FBC100F50679 /* ProfessorCell.swift */ = {isa = PBXFileReference; lastKnownFileType = sourcecode.swift; path = ProfessorCell.swift; sourceTree = "<group>"; };
		3D4B9CDE22A981C90073274C /* DigitalGalleryViewController.swift */ = {isa = PBXFileReference; lastKnownFileType = sourcecode.swift; path = DigitalGalleryViewController.swift; sourceTree = "<group>"; };
		3D4B9CE022A981D60073274C /* SettingsViewController.swift */ = {isa = PBXFileReference; lastKnownFileType = sourcecode.swift; path = SettingsViewController.swift; sourceTree = "<group>"; };
		3D4B9CE222A981E00073274C /* AboutViewController.swift */ = {isa = PBXFileReference; lastKnownFileType = sourcecode.swift; path = AboutViewController.swift; sourceTree = "<group>"; };
		3D4B9CE422A989EB0073274C /* TableCell.swift */ = {isa = PBXFileReference; lastKnownFileType = sourcecode.swift; path = TableCell.swift; sourceTree = "<group>"; };
		3D4B9CE622A98DA00073274C /* DigitalCell.swift */ = {isa = PBXFileReference; lastKnownFileType = sourcecode.swift; path = DigitalCell.swift; sourceTree = "<group>"; };
		3D4B9CE822A991EF0073274C /* ImageZoomViewController.swift */ = {isa = PBXFileReference; lastKnownFileType = sourcecode.swift; path = ImageZoomViewController.swift; sourceTree = "<group>"; };
		3D6E792122971469001D75A9 /* WebKit.framework */ = {isa = PBXFileReference; lastKnownFileType = wrapper.framework; name = WebKit.framework; path = System/Library/Frameworks/WebKit.framework; sourceTree = SDKROOT; };
		3D9261D4228F704C003F37B4 /* ProfessorsViewController.swift */ = {isa = PBXFileReference; lastKnownFileType = sourcecode.swift; path = ProfessorsViewController.swift; sourceTree = "<group>"; };
		3DAAFEEE2290AC2E002B02E6 /* WebViewController.swift */ = {isa = PBXFileReference; lastKnownFileType = sourcecode.swift; path = WebViewController.swift; sourceTree = "<group>"; };
		3DF8311B228F877A00B5A31E /* ProfessorDetailViewController.swift */ = {isa = PBXFileReference; lastKnownFileType = sourcecode.swift; path = ProfessorDetailViewController.swift; sourceTree = "<group>"; };
		9431D208B817CC0966F7CCDB /* Pods_EnglishStudies.framework */ = {isa = PBXFileReference; explicitFileType = wrapper.framework; includeInIndex = 0; path = Pods_EnglishStudies.framework; sourceTree = BUILT_PRODUCTS_DIR; };
		E62703A10C0B8496C576CE54 /* Pods-EnglishStudies.debug.xcconfig */ = {isa = PBXFileReference; includeInIndex = 1; lastKnownFileType = text.xcconfig; name = "Pods-EnglishStudies.debug.xcconfig"; path = "Pods/Target Support Files/Pods-EnglishStudies/Pods-EnglishStudies.debug.xcconfig"; sourceTree = "<group>"; };
/* End PBXFileReference section */

/* Begin PBXFrameworksBuildPhase section */
		3D09BEB8228D02DD0053E2CC /* Frameworks */ = {
			isa = PBXFrameworksBuildPhase;
			buildActionMask = 2147483647;
			files = (
				3D6E792222971469001D75A9 /* WebKit.framework in Frameworks */,
				32D2EE95B953B7BCDA61D6B3 /* Pods_EnglishStudies.framework in Frameworks */,
			);
			runOnlyForDeploymentPostprocessing = 0;
		};
/* End PBXFrameworksBuildPhase section */

/* Begin PBXGroup section */
		2D50D9F3B2CAF7095B3E2930 /* Pods */ = {
			isa = PBXGroup;
			children = (
				E62703A10C0B8496C576CE54 /* Pods-EnglishStudies.debug.xcconfig */,
				1ED65F3769A482683A7B42FE /* Pods-EnglishStudies.release.xcconfig */,
			);
			name = Pods;
			sourceTree = "<group>";
		};
		3D011C1C22999C88002B74A6 /* Professors */ = {
			isa = PBXGroup;
			children = (
				3D9261D4228F704C003F37B4 /* ProfessorsViewController.swift */,
				3D40548722A6FBC100F50679 /* ProfessorCell.swift */,
				3DF8311B228F877A00B5A31E /* ProfessorDetailViewController.swift */,
			);
			path = Professors;
			sourceTree = "<group>";
		};
		3D011C1D22999CEF002B74A6 /* Web */ = {
			isa = PBXGroup;
			children = (
				3DAAFEEE2290AC2E002B02E6 /* WebViewController.swift */,
			);
			path = Web;
			sourceTree = "<group>";
		};
		3D011C1E22999D0E002B74A6 /* AppDependencies */ = {
			isa = PBXGroup;
			children = (
				3D09BEBE228D02DD0053E2CC /* AppDelegate.swift */,
				3D09BEC2228D02DD0053E2CC /* Main.storyboard */,
				3D09BEC8228D02DF0053E2CC /* Assets.xcassets */,
				3D09BECA228D02DF0053E2CC /* LaunchScreen.storyboard */,
				3D09BEC5228D02DD0053E2CC /* EnglishStudies.xcdatamodeld */,
			);
			path = AppDependencies;
			sourceTree = "<group>";
		};
		3D09BEB2228D02DD0053E2CC = {
			isa = PBXGroup;
			children = (
				3D09BEBD228D02DD0053E2CC /* EnglishStudies */,
				3D09BEBC228D02DD0053E2CC /* Products */,
				3D6E792022971469001D75A9 /* Frameworks */,
				2D50D9F3B2CAF7095B3E2930 /* Pods */,
			);
			sourceTree = "<group>";
		};
		3D09BEBC228D02DD0053E2CC /* Products */ = {
			isa = PBXGroup;
			children = (
				3D09BEBB228D02DD0053E2CC /* EnglishStudies.app */,
			);
			name = Products;
			sourceTree = "<group>";
		};
		3D09BEBD228D02DD0053E2CC /* EnglishStudies */ = {
			isa = PBXGroup;
			children = (
				3D011C1E22999D0E002B74A6 /* AppDependencies */,
				3DCFE2BB22987A4300EC6CEC /* HomeScreen */,
				3D011C1C22999C88002B74A6 /* Professors */,
				3D011C1D22999CEF002B74A6 /* Web */,
				3D4B9CDC22A9818F0073274C /* DigitalGallery */,
				3D4B9CDD22A981A30073274C /* Settings */,
				3D09BECD228D02DF0053E2CC /* Info.plist */,
				3D011C212299A4D6002B74A6 /* GoogleService-Info.plist */,
			);
			path = EnglishStudies;
			sourceTree = "<group>";
		};
		3D4B9CDC22A9818F0073274C /* DigitalGallery */ = {
			isa = PBXGroup;
			children = (
				3D4B9CDE22A981C90073274C /* DigitalGalleryViewController.swift */,
				3D4B9CE622A98DA00073274C /* DigitalCell.swift */,
				3D4B9CE822A991EF0073274C /* ImageZoomViewController.swift */,
			);
			path = DigitalGallery;
			sourceTree = "<group>";
		};
		3D4B9CDD22A981A30073274C /* Settings */ = {
			isa = PBXGroup;
			children = (
				3D4B9CE022A981D60073274C /* SettingsViewController.swift */,
				3D4B9CE422A989EB0073274C /* TableCell.swift */,
				3D4B9CE222A981E00073274C /* AboutViewController.swift */,
			);
			path = Settings;
			sourceTree = "<group>";
		};
		3D6E792022971469001D75A9 /* Frameworks */ = {
			isa = PBXGroup;
			children = (
				3D6E792122971469001D75A9 /* WebKit.framework */,
				9431D208B817CC0966F7CCDB /* Pods_EnglishStudies.framework */,
			);
			name = Frameworks;
			sourceTree = "<group>";
		};
		3DCFE2BB22987A4300EC6CEC /* HomeScreen */ = {
			isa = PBXGroup;
			children = (
				3D09BED3228D03090053E2CC /* HomePageViewController.swift */,
				3D40545E22A190AE00F50679 /* MenuLauncher.swift */,
				3D40546022A1B1B400F50679 /* HomeCell.swift */,
				3D40546222A1B43900F50679 /* SettingCell.swift */,
				3D10F94322A8262A008B36C9 /* HeaderView.swift */,
			);
			path = HomeScreen;
			sourceTree = "<group>";
		};
/* End PBXGroup section */

/* Begin PBXNativeTarget section */
		3D09BEBA228D02DD0053E2CC /* EnglishStudies */ = {
			isa = PBXNativeTarget;
			buildConfigurationList = 3D09BED0228D02DF0053E2CC /* Build configuration list for PBXNativeTarget "EnglishStudies" */;
			buildPhases = (
				4E69A64C8E4C922D04C722F0 /* [CP] Check Pods Manifest.lock */,
				3D09BEB7228D02DD0053E2CC /* Sources */,
				3D09BEB8228D02DD0053E2CC /* Frameworks */,
				3D09BEB9228D02DD0053E2CC /* Resources */,
				5EC91889E0DF1B4063878AA4 /* [CP] Embed Pods Frameworks */,
			);
			buildRules = (
			);
			dependencies = (
			);
			name = EnglishStudies;
			productName = EnglishStudies;
			productReference = 3D09BEBB228D02DD0053E2CC /* EnglishStudies.app */;
			productType = "com.apple.product-type.application";
		};
/* End PBXNativeTarget section */

/* Begin PBXProject section */
		3D09BEB3228D02DD0053E2CC /* Project object */ = {
			isa = PBXProject;
			attributes = {
				LastSwiftUpdateCheck = 1020;
				LastUpgradeCheck = 1020;
				ORGANIZATIONNAME = "Ryan Schefske";
				TargetAttributes = {
					3D09BEBA228D02DD0053E2CC = {
						CreatedOnToolsVersion = 10.2.1;
					};
				};
			};
			buildConfigurationList = 3D09BEB6228D02DD0053E2CC /* Build configuration list for PBXProject "EnglishStudies" */;
			compatibilityVersion = "Xcode 9.3";
			developmentRegion = en;
			hasScannedForEncodings = 0;
			knownRegions = (
				en,
				Base,
			);
			mainGroup = 3D09BEB2228D02DD0053E2CC;
			productRefGroup = 3D09BEBC228D02DD0053E2CC /* Products */;
			projectDirPath = "";
			projectRoot = "";
			targets = (
				3D09BEBA228D02DD0053E2CC /* EnglishStudies */,
			);
		};
/* End PBXProject section */

/* Begin PBXResourcesBuildPhase section */
		3D09BEB9228D02DD0053E2CC /* Resources */ = {
			isa = PBXResourcesBuildPhase;
			buildActionMask = 2147483647;
			files = (
				3D09BECC228D02DF0053E2CC /* LaunchScreen.storyboard in Resources */,
				3D011C222299A4D7002B74A6 /* GoogleService-Info.plist in Resources */,
				3D09BEC9228D02DF0053E2CC /* Assets.xcassets in Resources */,
				3D09BEC4228D02DD0053E2CC /* Main.storyboard in Resources */,
			);
			runOnlyForDeploymentPostprocessing = 0;
		};
/* End PBXResourcesBuildPhase section */

/* Begin PBXShellScriptBuildPhase section */
		4E69A64C8E4C922D04C722F0 /* [CP] Check Pods Manifest.lock */ = {
			isa = PBXShellScriptBuildPhase;
			buildActionMask = 2147483647;
			files = (
			);
			inputPaths = (
				"${PODS_PODFILE_DIR_PATH}/Podfile.lock",
				"${PODS_ROOT}/Manifest.lock",
			);
			name = "[CP] Check Pods Manifest.lock";
			outputPaths = (
				"$(DERIVED_FILE_DIR)/Pods-EnglishStudies-checkManifestLockResult.txt",
			);
			runOnlyForDeploymentPostprocessing = 0;
			shellPath = /bin/sh;
			shellScript = "diff \"${PODS_PODFILE_DIR_PATH}/Podfile.lock\" \"${PODS_ROOT}/Manifest.lock\" > /dev/null\nif [ $? != 0 ] ; then\n    # print error to STDERR\n    echo \"error: The sandbox is not in sync with the Podfile.lock. Run 'pod install' or update your CocoaPods installation.\" >&2\n    exit 1\nfi\n# This output is used by Xcode 'outputs' to avoid re-running this script phase.\necho \"SUCCESS\" > \"${SCRIPT_OUTPUT_FILE_0}\"\n";
			showEnvVarsInLog = 0;
		};
		5EC91889E0DF1B4063878AA4 /* [CP] Embed Pods Frameworks */ = {
			isa = PBXShellScriptBuildPhase;
			buildActionMask = 2147483647;
			files = (
			);
			inputPaths = (
				"${SRCROOT}/Pods/Target Support Files/Pods-EnglishStudies/Pods-EnglishStudies-frameworks.sh",
				"${BUILT_PRODUCTS_DIR}/GoogleUtilities/GoogleUtilities.framework",
				"${BUILT_PRODUCTS_DIR}/nanopb/nanopb.framework",
			);
			name = "[CP] Embed Pods Frameworks";
			outputPaths = (
				"${TARGET_BUILD_DIR}/${FRAMEWORKS_FOLDER_PATH}/GoogleUtilities.framework",
				"${TARGET_BUILD_DIR}/${FRAMEWORKS_FOLDER_PATH}/nanopb.framework",
			);
			runOnlyForDeploymentPostprocessing = 0;
			shellPath = /bin/sh;
			shellScript = "\"${SRCROOT}/Pods/Target Support Files/Pods-EnglishStudies/Pods-EnglishStudies-frameworks.sh\"\n";
			showEnvVarsInLog = 0;
		};
/* End PBXShellScriptBuildPhase section */

/* Begin PBXSourcesBuildPhase section */
		3D09BEB7228D02DD0053E2CC /* Sources */ = {
			isa = PBXSourcesBuildPhase;
			buildActionMask = 2147483647;
			files = (
				3DAAFEEF2290AC2E002B02E6 /* WebViewController.swift in Sources */,
				3D4B9CE722A98DA00073274C /* DigitalCell.swift in Sources */,
				3D9261D5228F704C003F37B4 /* ProfessorsViewController.swift in Sources */,
				3D09BED4228D03090053E2CC /* HomePageViewController.swift in Sources */,
				3D4B9CE322A981E00073274C /* AboutViewController.swift in Sources */,
				3D4B9CDF22A981C90073274C /* DigitalGalleryViewController.swift in Sources */,
				3D40548822A6FBC100F50679 /* ProfessorCell.swift in Sources */,
				3D40546322A1B43900F50679 /* SettingCell.swift in Sources */,
				3D40546122A1B1B400F50679 /* HomeCell.swift in Sources */,
				3D10F94422A8262A008B36C9 /* HeaderView.swift in Sources */,
				3D4B9CE922A991EF0073274C /* ImageZoomViewController.swift in Sources */,
				3D4B9CE122A981D60073274C /* SettingsViewController.swift in Sources */,
				3D40545F22A190AE00F50679 /* MenuLauncher.swift in Sources */,
				3D09BEBF228D02DD0053E2CC /* AppDelegate.swift in Sources */,
				3D09BEC7228D02DD0053E2CC /* EnglishStudies.xcdatamodeld in Sources */,
				3D4B9CE522A989EB0073274C /* TableCell.swift in Sources */,
				3DF8311C228F877A00B5A31E /* ProfessorDetailViewController.swift in Sources */,
			);
			runOnlyForDeploymentPostprocessing = 0;
		};
/* End PBXSourcesBuildPhase section */

/* Begin PBXVariantGroup section */
		3D09BEC2228D02DD0053E2CC /* Main.storyboard */ = {
			isa = PBXVariantGroup;
			children = (
				3D09BEC3228D02DD0053E2CC /* Base */,
			);
			name = Main.storyboard;
			sourceTree = "<group>";
		};
		3D09BECA228D02DF0053E2CC /* LaunchScreen.storyboard */ = {
			isa = PBXVariantGroup;
			children = (
				3D09BECB228D02DF0053E2CC /* Base */,
			);
			name = LaunchScreen.storyboard;
			sourceTree = "<group>";
		};
/* End PBXVariantGroup section */

/* Begin XCBuildConfiguration section */
		3D09BECE228D02DF0053E2CC /* Debug */ = {
			isa = XCBuildConfiguration;
			buildSettings = {
				ALWAYS_SEARCH_USER_PATHS = NO;
				CLANG_ANALYZER_NONNULL = YES;
				CLANG_ANALYZER_NUMBER_OBJECT_CONVERSION = YES_AGGRESSIVE;
				CLANG_CXX_LANGUAGE_STANDARD = "gnu++14";
				CLANG_CXX_LIBRARY = "libc++";
				CLANG_ENABLE_MODULES = YES;
				CLANG_ENABLE_OBJC_ARC = YES;
				CLANG_ENABLE_OBJC_WEAK = YES;
				CLANG_WARN_BLOCK_CAPTURE_AUTORELEASING = YES;
				CLANG_WARN_BOOL_CONVERSION = YES;
				CLANG_WARN_COMMA = YES;
				CLANG_WARN_CONSTANT_CONVERSION = YES;
				CLANG_WARN_DEPRECATED_OBJC_IMPLEMENTATIONS = YES;
				CLANG_WARN_DIRECT_OBJC_ISA_USAGE = YES_ERROR;
				CLANG_WARN_DOCUMENTATION_COMMENTS = YES;
				CLANG_WARN_EMPTY_BODY = YES;
				CLANG_WARN_ENUM_CONVERSION = YES;
				CLANG_WARN_INFINITE_RECURSION = YES;
				CLANG_WARN_INT_CONVERSION = YES;
				CLANG_WARN_NON_LITERAL_NULL_CONVERSION = YES;
				CLANG_WARN_OBJC_IMPLICIT_RETAIN_SELF = YES;
				CLANG_WARN_OBJC_LITERAL_CONVERSION = YES;
				CLANG_WARN_OBJC_ROOT_CLASS = YES_ERROR;
				CLANG_WARN_RANGE_LOOP_ANALYSIS = YES;
				CLANG_WARN_STRICT_PROTOTYPES = YES;
				CLANG_WARN_SUSPICIOUS_MOVE = YES;
				CLANG_WARN_UNGUARDED_AVAILABILITY = YES_AGGRESSIVE;
				CLANG_WARN_UNREACHABLE_CODE = YES;
				CLANG_WARN__DUPLICATE_METHOD_MATCH = YES;
				CODE_SIGN_IDENTITY = "iPhone Developer";
				COPY_PHASE_STRIP = NO;
				DEBUG_INFORMATION_FORMAT = dwarf;
				ENABLE_STRICT_OBJC_MSGSEND = YES;
				ENABLE_TESTABILITY = YES;
				GCC_C_LANGUAGE_STANDARD = gnu11;
				GCC_DYNAMIC_NO_PIC = NO;
				GCC_NO_COMMON_BLOCKS = YES;
				GCC_OPTIMIZATION_LEVEL = 0;
				GCC_PREPROCESSOR_DEFINITIONS = (
					"DEBUG=1",
					"$(inherited)",
				);
				GCC_WARN_64_TO_32_BIT_CONVERSION = YES;
				GCC_WARN_ABOUT_RETURN_TYPE = YES_ERROR;
				GCC_WARN_UNDECLARED_SELECTOR = YES;
				GCC_WARN_UNINITIALIZED_AUTOS = YES_AGGRESSIVE;
				GCC_WARN_UNUSED_FUNCTION = YES;
				GCC_WARN_UNUSED_VARIABLE = YES;
				IPHONEOS_DEPLOYMENT_TARGET = 12.2;
				MTL_ENABLE_DEBUG_INFO = INCLUDE_SOURCE;
				MTL_FAST_MATH = YES;
				ONLY_ACTIVE_ARCH = YES;
				SDKROOT = iphoneos;
				SWIFT_ACTIVE_COMPILATION_CONDITIONS = DEBUG;
				SWIFT_OPTIMIZATION_LEVEL = "-Onone";
			};
			name = Debug;
		};
		3D09BECF228D02DF0053E2CC /* Release */ = {
			isa = XCBuildConfiguration;
			buildSettings = {
				ALWAYS_SEARCH_USER_PATHS = NO;
				CLANG_ANALYZER_NONNULL = YES;
				CLANG_ANALYZER_NUMBER_OBJECT_CONVERSION = YES_AGGRESSIVE;
				CLANG_CXX_LANGUAGE_STANDARD = "gnu++14";
				CLANG_CXX_LIBRARY = "libc++";
				CLANG_ENABLE_MODULES = YES;
				CLANG_ENABLE_OBJC_ARC = YES;
				CLANG_ENABLE_OBJC_WEAK = YES;
				CLANG_WARN_BLOCK_CAPTURE_AUTORELEASING = YES;
				CLANG_WARN_BOOL_CONVERSION = YES;
				CLANG_WARN_COMMA = YES;
				CLANG_WARN_CONSTANT_CONVERSION = YES;
				CLANG_WARN_DEPRECATED_OBJC_IMPLEMENTATIONS = YES;
				CLANG_WARN_DIRECT_OBJC_ISA_USAGE = YES_ERROR;
				CLANG_WARN_DOCUMENTATION_COMMENTS = YES;
				CLANG_WARN_EMPTY_BODY = YES;
				CLANG_WARN_ENUM_CONVERSION = YES;
				CLANG_WARN_INFINITE_RECURSION = YES;
				CLANG_WARN_INT_CONVERSION = YES;
				CLANG_WARN_NON_LITERAL_NULL_CONVERSION = YES;
				CLANG_WARN_OBJC_IMPLICIT_RETAIN_SELF = YES;
				CLANG_WARN_OBJC_LITERAL_CONVERSION = YES;
				CLANG_WARN_OBJC_ROOT_CLASS = YES_ERROR;
				CLANG_WARN_RANGE_LOOP_ANALYSIS = YES;
				CLANG_WARN_STRICT_PROTOTYPES = YES;
				CLANG_WARN_SUSPICIOUS_MOVE = YES;
				CLANG_WARN_UNGUARDED_AVAILABILITY = YES_AGGRESSIVE;
				CLANG_WARN_UNREACHABLE_CODE = YES;
				CLANG_WARN__DUPLICATE_METHOD_MATCH = YES;
				CODE_SIGN_IDENTITY = "iPhone Developer";
				COPY_PHASE_STRIP = NO;
				DEBUG_INFORMATION_FORMAT = "dwarf-with-dsym";
				ENABLE_NS_ASSERTIONS = NO;
				ENABLE_STRICT_OBJC_MSGSEND = YES;
				GCC_C_LANGUAGE_STANDARD = gnu11;
				GCC_NO_COMMON_BLOCKS = YES;
				GCC_WARN_64_TO_32_BIT_CONVERSION = YES;
				GCC_WARN_ABOUT_RETURN_TYPE = YES_ERROR;
				GCC_WARN_UNDECLARED_SELECTOR = YES;
				GCC_WARN_UNINITIALIZED_AUTOS = YES_AGGRESSIVE;
				GCC_WARN_UNUSED_FUNCTION = YES;
				GCC_WARN_UNUSED_VARIABLE = YES;
				IPHONEOS_DEPLOYMENT_TARGET = 12.2;
				MTL_ENABLE_DEBUG_INFO = NO;
				MTL_FAST_MATH = YES;
				SDKROOT = iphoneos;
				SWIFT_COMPILATION_MODE = wholemodule;
				SWIFT_OPTIMIZATION_LEVEL = "-O";
				VALIDATE_PRODUCT = YES;
			};
			name = Release;
		};
		3D09BED1228D02DF0053E2CC /* Debug */ = {
			isa = XCBuildConfiguration;
			baseConfigurationReference = E62703A10C0B8496C576CE54 /* Pods-EnglishStudies.debug.xcconfig */;
			buildSettings = {
				ASSETCATALOG_COMPILER_APPICON_NAME = AppIcon;
				CODE_SIGN_STYLE = Automatic;
				DEVELOPMENT_TEAM = 3LN4LFZD99;
				INFOPLIST_FILE = EnglishStudies/Info.plist;
				LD_RUNPATH_SEARCH_PATHS = (
					"$(inherited)",
					"@executable_path/Frameworks",
				);
				PRODUCT_BUNDLE_IDENTIFIER = com.ryanschefske.EnglishStudies;
				PRODUCT_NAME = "$(TARGET_NAME)";
				SWIFT_VERSION = 5.0;
				TARGETED_DEVICE_FAMILY = "1,2";
			};
			name = Debug;
		};
		3D09BED2228D02DF0053E2CC /* Release */ = {
			isa = XCBuildConfiguration;
			baseConfigurationReference = 1ED65F3769A482683A7B42FE /* Pods-EnglishStudies.release.xcconfig */;
			buildSettings = {
				ASSETCATALOG_COMPILER_APPICON_NAME = AppIcon;
				CODE_SIGN_STYLE = Automatic;
				DEVELOPMENT_TEAM = 3LN4LFZD99;
				INFOPLIST_FILE = EnglishStudies/Info.plist;
				LD_RUNPATH_SEARCH_PATHS = (
					"$(inherited)",
					"@executable_path/Frameworks",
				);
				PRODUCT_BUNDLE_IDENTIFIER = com.ryanschefske.EnglishStudies;
				PRODUCT_NAME = "$(TARGET_NAME)";
				SWIFT_VERSION = 5.0;
				TARGETED_DEVICE_FAMILY = "1,2";
			};
			name = Release;
		};
/* End XCBuildConfiguration section */

/* Begin XCConfigurationList section */
		3D09BEB6228D02DD0053E2CC /* Build configuration list for PBXProject "EnglishStudies" */ = {
			isa = XCConfigurationList;
			buildConfigurations = (
				3D09BECE228D02DF0053E2CC /* Debug */,
				3D09BECF228D02DF0053E2CC /* Release */,
			);
			defaultConfigurationIsVisible = 0;
			defaultConfigurationName = Release;
		};
		3D09BED0228D02DF0053E2CC /* Build configuration list for PBXNativeTarget "EnglishStudies" */ = {
			isa = XCConfigurationList;
			buildConfigurations = (
				3D09BED1228D02DF0053E2CC /* Debug */,
				3D09BED2228D02DF0053E2CC /* Release */,
			);
			defaultConfigurationIsVisible = 0;
			defaultConfigurationName = Release;
		};
/* End XCConfigurationList section */

/* Begin XCVersionGroup section */
		3D09BEC5228D02DD0053E2CC /* EnglishStudies.xcdatamodeld */ = {
			isa = XCVersionGroup;
			children = (
				3D09BEC6228D02DD0053E2CC /* EnglishStudies.xcdatamodel */,
			);
			currentVersion = 3D09BEC6228D02DD0053E2CC /* EnglishStudies.xcdatamodel */;
			path = EnglishStudies.xcdatamodeld;
			sourceTree = "<group>";
			versionGroupType = wrapper.xcdatamodel;
		};
/* End XCVersionGroup section */
	};
	rootObject = 3D09BEB3228D02DD0053E2CC /* Project object */;
}
